
Microsoft Visual Studio Solution File, Format Version 12.00
# Visual Studio Version 17
VisualStudioVersion = 17.13.35818.85 d17.13
MinimumVisualStudioVersion = 10.0.40219.1
Project("{FAE04EC0-301F-11D3-BF4B-00C04F79EFBC}") = "Ekzamen-Palkin", "Ekzamen-Palkin\Ekzamen-Palkin.csproj", "{D1A01AF8-B794-480A-840E-50FFE0EB7634}"
EndProject
Global
	GlobalSection(SolutionConfigurationPlatforms) = preSolution
		Debug|Any CPU = Debug|Any CPU
		Release|Any CPU = Release|Any CPU
	EndGlobalSection
	GlobalSection(ProjectConfigurationPlatforms) = postSolution
		{D1A01AF8-B794-480A-840E-50FFE0EB7634}.Debug|Any CPU.ActiveCfg = Debug|Any CPU
		{D1A01AF8-B794-480A-840E-50FFE0EB7634}.Debug|Any CPU.Build.0 = Debug|Any CPU
		{D1A01AF8-B794-480A-840E-50FFE0EB7634}.Release|Any CPU.ActiveCfg = Release|Any CPU
		{D1A01AF8-B794-480A-840E-50FFE0EB7634}.Release|Any CPU.Build.0 = Release|Any CPU
	EndGlobalSection
	GlobalSection(SolutionProperties) = preSolution
		HideSolutionNode = FALSE
	EndGlobalSection
	GlobalSection(ExtensibilityGlobals) = postSolution
		SolutionGuid = {804C2B09-A1C0-4111-AADE-8CAEA6C17A3C}
	EndGlobalSection
EndGlobal
